
Microsoft Visual Studio Solution File, Format Version 12.00
# Visual Studio 14
VisualStudioVersion = 14.0.25420.1
MinimumVisualStudioVersion = 10.0.40219.1
Project("{FAE04EC0-301F-11D3-BF4B-00C04F79EFBC}") = "rbn", "rbn\rbn.csproj", "{C84123A6-B2D1-489A-BAC2-7D3BDA5B35E3}"
EndProject
Project("{FAE04EC0-301F-11D3-BF4B-00C04F79EFBC}") = "server", "server\server.csproj", "{266AD27C-D6AC-42E6-931B-56ACA10F7C59}"
EndProject
Project("{FAE04EC0-301F-11D3-BF4B-00C04F79EFBC}") = "PerformSys.Common", "PerformSys.Common\PerformSys.Common.csproj", "{1F3C64F3-BF67-4593-8F40-F245CB445AF4}"
EndProject
Project("{FAE04EC0-301F-11D3-BF4B-00C04F79EFBC}") = "client", "client\client.csproj", "{03862B72-E0A9-470A-A140-706390979B12}"
EndProject
Project("{FAE04EC0-301F-11D3-BF4B-00C04F79EFBC}") = "PerformSys.Common.Test", "PerformSys.Common.Test\PerformSys.Common.Test.csproj", "{8B80E569-00BA-4E90-948E-69CBC66CC89D}"
EndProject
Project("{FAE04EC0-301F-11D3-BF4B-00C04F79EFBC}") = "mrbn", "mrbn\mrbn.csproj", "{0F6991B5-6C9D-4BB8-918A-7E48FE515963}"
EndProject
Project("{2150E333-8FDC-42A3-9474-1A3956D46DE8}") = ".nuget", ".nuget", "{046E712F-2177-4DC8-ADE3-AFDD08C9EA68}"
	ProjectSection(SolutionItems) = preProject
		.nuget\NuGet.Config = .nuget\NuGet.Config
		.nuget\NuGet.exe = .nuget\NuGet.exe
		.nuget\NuGet.targets = .nuget\NuGet.targets
	EndProjectSection
EndProject
Project("{FAE04EC0-301F-11D3-BF4B-00C04F79EFBC}") = "router", "router\router.csproj", "{7BC7CA20-7CB6-49EE-8BD7-AB56626F9552}"
EndProject
Project("{2150E333-8FDC-42A3-9474-1A3956D46DE8}") = "Solution Items", "Solution Items", "{91C5CD12-F664-41B6-993D-102EF91AF05E}"
	ProjectSection(SolutionItems) = preProject
		.travis.yml = .travis.yml
		LICENSE.txt = LICENSE.txt
		MAINTAINERS.txt = MAINTAINERS.txt
		NOTICE.txt = NOTICE.txt
		README.md = README.md
	EndProjectSection
EndProject
Global
	GlobalSection(SolutionConfigurationPlatforms) = preSolution
		Debug|Any CPU = Debug|Any CPU
		Release|Any CPU = Release|Any CPU
	EndGlobalSection
	GlobalSection(ProjectConfigurationPlatforms) = postSolution
		{C84123A6-B2D1-489A-BAC2-7D3BDA5B35E3}.Debug|Any CPU.ActiveCfg = Debug|Any CPU
		{C84123A6-B2D1-489A-BAC2-7D3BDA5B35E3}.Debug|Any CPU.Build.0 = Debug|Any CPU
		{C84123A6-B2D1-489A-BAC2-7D3BDA5B35E3}.Release|Any CPU.ActiveCfg = Release|Any CPU
		{C84123A6-B2D1-489A-BAC2-7D3BDA5B35E3}.Release|Any CPU.Build.0 = Release|Any CPU
		{266AD27C-D6AC-42E6-931B-56ACA10F7C59}.Debug|Any CPU.ActiveCfg = Debug|Any CPU
		{266AD27C-D6AC-42E6-931B-56ACA10F7C59}.Debug|Any CPU.Build.0 = Debug|Any CPU
		{266AD27C-D6AC-42E6-931B-56ACA10F7C59}.Release|Any CPU.ActiveCfg = Release|Any CPU
		{266AD27C-D6AC-42E6-931B-56ACA10F7C59}.Release|Any CPU.Build.0 = Release|Any CPU
		{1F3C64F3-BF67-4593-8F40-F245CB445AF4}.Debug|Any CPU.ActiveCfg = Debug|Any CPU
		{1F3C64F3-BF67-4593-8F40-F245CB445AF4}.Debug|Any CPU.Build.0 = Debug|Any CPU
		{1F3C64F3-BF67-4593-8F40-F245CB445AF4}.Release|Any CPU.ActiveCfg = Release|Any CPU
		{1F3C64F3-BF67-4593-8F40-F245CB445AF4}.Release|Any CPU.Build.0 = Release|Any CPU
		{03862B72-E0A9-470A-A140-706390979B12}.Debug|Any CPU.ActiveCfg = Debug|Any CPU
		{03862B72-E0A9-470A-A140-706390979B12}.Debug|Any CPU.Build.0 = Debug|Any CPU
		{03862B72-E0A9-470A-A140-706390979B12}.Release|Any CPU.ActiveCfg = Release|Any CPU
		{03862B72-E0A9-470A-A140-706390979B12}.Release|Any CPU.Build.0 = Release|Any CPU
		{8B80E569-00BA-4E90-948E-69CBC66CC89D}.Debug|Any CPU.ActiveCfg = Debug|Any CPU
		{8B80E569-00BA-4E90-948E-69CBC66CC89D}.Debug|Any CPU.Build.0 = Debug|Any CPU
		{8B80E569-00BA-4E90-948E-69CBC66CC89D}.Release|Any CPU.ActiveCfg = Release|Any CPU
		{8B80E569-00BA-4E90-948E-69CBC66CC89D}.Release|Any CPU.Build.0 = Release|Any CPU
		{0F6991B5-6C9D-4BB8-918A-7E48FE515963}.Debug|Any CPU.ActiveCfg = Debug|Any CPU
		{0F6991B5-6C9D-4BB8-918A-7E48FE515963}.Debug|Any CPU.Build.0 = Debug|Any CPU
		{0F6991B5-6C9D-4BB8-918A-7E48FE515963}.Release|Any CPU.ActiveCfg = Release|Any CPU
		{0F6991B5-6C9D-4BB8-918A-7E48FE515963}.Release|Any CPU.Build.0 = Release|Any CPU
		{7BC7CA20-7CB6-49EE-8BD7-AB56626F9552}.Debug|Any CPU.ActiveCfg = Debug|Any CPU
		{7BC7CA20-7CB6-49EE-8BD7-AB56626F9552}.Debug|Any CPU.Build.0 = Debug|Any CPU
		{7BC7CA20-7CB6-49EE-8BD7-AB56626F9552}.Release|Any CPU.ActiveCfg = Release|Any CPU
		{7BC7CA20-7CB6-49EE-8BD7-AB56626F9552}.Release|Any CPU.Build.0 = Release|Any CPU
	EndGlobalSection
	GlobalSection(SolutionProperties) = preSolution
		HideSolutionNode = FALSE
	EndGlobalSection
	GlobalSection(SubversionScc) = preSolution
		Svn-Managed = True
		Manager = AnkhSVN - Subversion Support for Visual Studio
	EndGlobalSection
EndGlobal
